<?xml version="1.0" encoding="UTF-8" standalone="yes" ?>
<CodeBlocks_project_file>
	<FileVersion major="1" minor="6" />
	<Project>
		<Option title="SNL" />
		<Option pch_mode="2" />
		<Option compiler="gcc" />
		<Build>
			<Target title="Debug">
				<Option output="bin/Debug/SNL" prefix_auto="1" extension_auto="1" />
				<Option object_output="obj/Debug/" />
				<Option type="1" />
				<Option compiler="gcc" />
				<Compiler>
					<Add option="-g" />
				</Compiler>
			</Target>
			<Target title="Release">
				<Option output="bin/Release/SNL" prefix_auto="1" extension_auto="1" />
				<Option object_output="obj/Release/" />
				<Option type="1" />
				<Option compiler="gcc" />
				<Compiler>
					<Add option="-O2" />
				</Compiler>
				<Linker>
					<Add option="-s" />
				</Linker>
			</Target>
		</Build>
		<Compiler>
			<Add option="-Wall" />
			<Add option="-fexceptions" />
		</Compiler>
		<Unit filename="Lex_Analysis/Cpp/lex_analysis.cpp" />
		<Unit filename="Lex_Analysis/Cpp/lex_type.cpp" />
		<Unit filename="Lex_Analysis/Cpp/scanner.cpp" />
		<Unit filename="Lex_Analysis/Head/lex_analysis.h" />
		<Unit filename="Lex_Analysis/Head/lex_type.h" />
		<Unit filename="Lex_Analysis/Head/scanner.h" />
		<Unit filename="Lex_Analysis/Head/token.h" />
		<Unit filename="Semantic_Analysis/Cpp/sem_analysis.cpp" />
		<Unit filename="Semantic_Analysis/Head/sem_analysis.h" />
		<Unit filename="Syntax_Analysis/Cpp/syn_analysis.cpp" />
		<Unit filename="Syntax_Analysis/Head/syn_analysis.h" />
		<Unit filename="main.cpp" />
		<Extensions>
			<code_completion />
			<envvars />
			<debugger />
		</Extensions>
	</Project>
</CodeBlocks_project_file>
